# THIS IS AN AUTOGENERATED FILE. DO NOT EDIT THIS FILE DIRECTLY.
# yarn lockfile v1


"@actions/core@3.0.1":
  version "3.0.1"
  resolved "https://registry.yarnpkg.com/@actions/core/-/core-3.0.1.tgz#0f4d8b14527ee51e0db061eedc24a206c9f98c23"
  integrity sha512-a6d/Nwahm9fliVGRhdhofo40HjHQasUPusmc7vBfyky+7Z+P2A1J68zyFVaNcEclc/Se+eO595oAr5nwEIoIUA==
  dependencies:
    "@actions/exec" "^3.0.0"
    "@actions/http-client" "^4.0.0"

"@actions/exec@^3.0.0":
  version "3.0.0"
  resolved "https://registry.yarnpkg.com/@actions/exec/-/exec-3.0.0.tgz#8c3464d20f0aa4068707757021d7e3c01a7ee203"
  integrity sha512-6xH/puSoNBXb72VPlZVm7vQ+svQpFyA96qdDBvhB8eNZOE8LtPf9L4oAsfzK/crCL8YZ+19fKYVnM63Sl+Xzlw==
  dependencies:
    "@actions/io" "^3.0.2"

"@actions/github@9.1.1":
  version "9.1.1"
  resolved "https://registry.yarnpkg.com/@actions/github/-/github-9.1.1.tgz#b93be4c36a46cc67cc94d6dfd33c1e33b9c59a6f"
  integrity sha512-tL5JbYOBZHc0ngEnCsaDcryUizIUIlQyIMwy1Wkx93H5HzbBJ7TbiPx2PnFjBwZW0Vh05JmfFZhecE6gglYegA==
  dependencies:
    "@actions/http-client" "^3.0.2"
    "@octokit/core" "^7.0.6"
    "@octokit/plugin-paginate-rest" "^14.0.0"
    "@octokit/plugin-rest-endpoint-methods" "^17.0.0"
    "@octokit/request" "^10.0.7"
    "@octokit/request-error" "^7.1.0"
    undici "^6.23.0"

"@actions/http-client@^3.0.2":
  version "3.0.2"
  resolved "https://registry.yarnpkg.com/@actions/http-client/-/http-client-3.0.2.tgz#3db9c83af9d29d51ac8c30b45bc17f7014beb1b2"
  integrity sha512-JP38FYYpyqvUsz+Igqlc/JG6YO9PaKuvqjM3iGvaLqFnJ7TFmcLyy2IDrY0bI0qCQug8E9K+elv5ZNfw62ZJzA==
  dependencies:
    tunnel "^0.0.6"
    undici "^6.23.0"

"@actions/http-client@^4.0.0":
  version "4.0.1"
  resolved "https://registry.yarnpkg.com/@actions/http-client/-/http-client-4.0.1.tgz#22a23a7625ba1326d9ba154012ca8301a27f88a3"
  integrity sha512-+Nvd1ImaOZBSoPbsUtEhv+1z99H12xzncCkz0a3RuehINE81FZSe2QTj3uvAPTcJX/SCzUQHQ0D1GrPMbrPitg==
  dependencies:
    tunnel "^0.0.6"
    undici "^6.23.0"

"@actions/io@^3.0.2":
  version "3.0.2"
  resolved "https://registry.yarnpkg.com/@actions/io/-/io-3.0.2.tgz#6f89b27a159d109836d983efa283997c23b92284"
  integrity sha512-nRBchcMM+QK1pdjO7/idu86rbJI5YHUKCvKs0KxnSYbVe3F51UfGxuZX4Qy/fWlp6l7gWFwIkrOzN+oUK03kfw==

"@biomejs/biome@2.5.7":
  version "2.5.7"
  resolved "https://registry.yarnpkg.com/@biomejs/biome/-/biome-2.5.7.tgz#845a49fe90f271b4f280e4244ecaccb0306e9068"
  integrity sha512-zr8K/DcY5tYsQOQwqMJ0AWElo6QgmgNI7idXgXLhevVszlt8RGVpesEJPqx3ThazLaOwjJ5Y8fz3BtH5fGZNsw==
  optionalDependencies:
    "@biomejs/cli-darwin-arm64" "2.5.7"
    "@biomejs/cli-darwin-x64" "2.5.7"
    "@biomejs/cli-linux-arm64" "2.5.7"
    "@biomejs/cli-linux-arm64-musl" "2.5.7"
    "@biomejs/cli-linux-x64" "2.5.7"
    "@biomejs/cli-linux-x64-musl" "2.5.7"
    "@biomejs/cli-win32-arm64" "2.5.7"
    "@biomejs/cli-win32-x64" "2.5.7"

"@biomejs/cli-darwin-arm64@2.5.7":
  version "2.5.7"
  resolved "https://registry.yarnpkg.com/@biomejs/cli-darwin-arm64/-/cli-darwin-arm64-2.5.7.tgz#64a47b72f6405f80f6df92fa79246c23d91d5ddd"
  integrity sha512-vxo/Ls3/PYdQWyLhYYcgMOCzQypAjcY+iihS8M0wW03l16TCLW4zqZzGo75gm1VdCMj38hTVZ31KBWrZ4G9dJw==

"@biomejs/cli-darwin-x64@2.5.7":
  version "2.5.7"
  resolved "https://registry.yarnpkg.com/@biomejs/cli-darwin-x64/-/cli-darwin-x64-2.5.7.tgz#3f58c2d6e7af46c7da1c2232797a2a9e325194f4"
  integrity sha512-Cd3Ga61amT/Yl/0x8elP5hhGYaFy4bw6WuysTgf7oo8TA5tJ5A1k+DkVoJ2BHbTVil51gTX9VPzArnrlLJ3Kyg==

"@biomejs/cli-linux-arm64-musl@2.5.7":
  version "2.5.7"
  resolved "https://registry.yarnpkg.com/@biomejs/cli-linux-arm64-musl/-/cli-linux-arm64-musl-2.5.7.tgz#f135313f59f9e126a3553ace4239e4279cc2e7ac"
  integrity sha512-xPI5yB6XlpDbNkS+bm1t42olw5c4l3UrlOmLg7KtLJvjvkNF/1V4tnUgfkylGIeb3u/T+BzMGYqgQhzjAoJzuQ==

"@biomejs/cli-linux-arm64@2.5.7":
  version "2.5.7"
  resolved "https://registry.yarnpkg.com/@biomejs/cli-linux-arm64/-/cli-linux-arm64-2.5.7.tgz#3e98beda0cab6e1f33908805b1be2d182ae8ce3f"
  integrity sha512-rR2QE0yF2GYSuYuKIa7pKvODGJqnOH+2eDREAM8wV+mWKSkMQKdAp4zXEZfTaxY8PMoNONnpgSWcBCyLDPDOKg==

"@biomejs/cli-linux-x64-musl@2.5.7":
  version "2.5.7"
  resolved "https://registry.yarnpkg.com/@biomejs/cli-linux-x64-musl/-/cli-linux-x64-musl-2.5.7.tgz#2a21980331ef492601ef6c8e439953395f19bce1"
  integrity sha512-rE5VZi+qtmPgQH+l7jVxYoZ18b/TiHEhulhMpjmCZH1PltSbjRcxNWywC3HZ9tYottG7ORkeTtoscBilKSBm0g==

"@biomejs/cli-linux-x64@2.5.7":
  version "2.5.7"
  resolved "https://registry.yarnpkg.com/@biomejs/cli-linux-x64/-/cli-linux-x64-2.5.7.tgz#f4511c8ca02d8d0a86d0b0d688b90aa2ad0d14ce"
  integrity sha512-FQgqJhscrqJUFptGaRSUJWlXAExwWcDwLuK49dvKfkQ1bB5SEEyFssnsxQY83Xm6jR0EbbX3+8+D5bfvYqUG2Q==

"@biomejs/cli-win32-arm64@2.5.7":
  version "2.5.7"
  resolved "https://registry.yarnpkg.com/@biomejs/cli-win32-arm64/-/cli-win32-arm64-2.5.7.tgz#b827341236d6914f83777857d6b16ee7734143cf"
  integrity sha512-Oq4x0CCwP4jirrcTywXs5kOGZ4v5vuEP+gWrbtjApOA2CL9F3F9GlIdQIci8AKSCa/zURanMRpX/4wQ7Am6hHg==

"@biomejs/cli-win32-x64@2.5.7":
  version "2.5.7"
  resolved "https://registry.yarnpkg.com/@biomejs/cli-win32-x64/-/cli-win32-x64-2.5.7.tgz#aba3fa4705d963ff8c89f26ab5d4534f8f963c96"
  integrity sha512-V+0wu/nrj2S+MhP4EQ0uHNolP0IALEsz45pg0WoKkHfDeh0+ItHwP/p7bX5RPoMOl9NkpHYWdYPhIcy2mACHvQ==

"@octokit/auth-token@^6.0.0":
  version "6.0.0"
  resolved "https://registry.yarnpkg.com/@octokit/auth-token/-/auth-token-6.0.0.tgz#b02e9c08a2d8937df09a2a981f226ad219174c53"
  integrity sha512-P4YJBPdPSpWTQ1NU4XYdvHvXJJDxM6YwpS0FZHRgP7YFkdVxsWcpWGy/NVqlAA7PcPCnMacXlRm1y2PFZRWL/w==

"@octokit/core@^7.0.6":
  version "7.0.6"
  resolved "https://registry.yarnpkg.com/@octokit/core/-/core-7.0.6.tgz#0d58704391c6b681dec1117240ea4d2a98ac3916"
  integrity sha512-DhGl4xMVFGVIyMwswXeyzdL4uXD5OGILGX5N8Y+f6W7LhC1Ze2poSNrkF/fedpVDHEEZ+PHFW0vL14I+mm8K3Q==
  dependencies:
    "@octokit/auth-token" "^6.0.0"
    "@octokit/graphql" "^9.0.3"
    "@octokit/request" "^10.0.6"
    "@octokit/request-error" "^7.0.2"
    "@octokit/types" "^16.0.0"
    before-after-hook "^4.0.0"
    universal-user-agent "^7.0.0"

"@octokit/endpoint@^11.0.3":
  version "11.0.3"
  resolved "https://registry.yarnpkg.com/@octokit/endpoint/-/endpoint-11.0.3.tgz#acf5f7feddde4e12185d5312ee38ff77235d8205"
  integrity sha512-FWFlNxghg4HrXkD3ifYbS/IdL/mDHjh9QcsNyhQjN8dplUoZbejsdpmuqdA76nxj2xoWPs7p8uX2SNr9rYu0Ag==
  dependencies:
    "@octokit/types" "^16.0.0"
    universal-user-agent "^7.0.2"

"@octokit/graphql@^9.0.3":
  version "9.0.3"
  resolved "https://registry.yarnpkg.com/@octokit/graphql/-/graphql-9.0.3.tgz#5b8341c225909e924b466705c13477face869456"
  integrity sha512-grAEuupr/C1rALFnXTv6ZQhFuL1D8G5y8CN04RgrO4FIPMrtm+mcZzFG7dcBm+nq+1ppNixu+Jd78aeJOYxlGA==
  dependencies:
    "@octokit/request" "^10.0.6"
    "@octokit/types" "^16.0.0"
    universal-user-agent "^7.0.0"

"@octokit/openapi-types@^27.0.0":
  version "27.0.0"
  resolved "https://registry.yarnpkg.com/@octokit/openapi-types/-/openapi-types-27.0.0.tgz#374ea53781965fd02a9d36cacb97e152cefff12d"
  integrity sha512-whrdktVs1h6gtR+09+QsNk2+FO+49j6ga1c55YZudfEG+oKJVvJLQi3zkOm5JjiUXAagWK2tI2kTGKJ2Ys7MGA==

"@octokit/plugin-paginate-rest@^14.0.0":
  version "14.0.0"
  resolved "https://registry.yarnpkg.com/@octokit/plugin-paginate-rest/-/plugin-paginate-rest-14.0.0.tgz#44dc9fff2dacb148d4c5c788b573ddc044503026"
  integrity sha512-fNVRE7ufJiAA3XUrha2omTA39M6IXIc6GIZLvlbsm8QOQCYvpq/LkMNGyFlB1d8hTDzsAXa3OKtybdMAYsV/fw==
  dependencies:
    "@octokit/types" "^16.0.0"

"@octokit/plugin-rest-endpoint-methods@^17.0.0":
  version "17.0.0"
  resolved "https://registry.yarnpkg.com/@octokit/plugin-rest-endpoint-methods/-/plugin-rest-endpoint-methods-17.0.0.tgz#8c54397d3a4060356a1c8a974191ebf945924105"
  integrity sha512-B5yCyIlOJFPqUUeiD0cnBJwWJO8lkJs5d8+ze9QDP6SvfiXSz1BF+91+0MeI1d2yxgOhU/O+CvtiZ9jSkHhFAw==
  dependencies:
    "@octokit/types" "^16.0.0"

"@octokit/request-error@^7.0.2", "@octokit/request-error@^7.1.0":
  version "7.1.0"
  resolved "https://registry.yarnpkg.com/@octokit/request-error/-/request-error-7.1.0.tgz#440fa3cae310466889778f5a222b47a580743638"
  integrity sha512-KMQIfq5sOPpkQYajXHwnhjCC0slzCNScLHs9JafXc4RAJI+9f+jNDlBNaIMTvazOPLgb4BnlhGJOTbnN0wIjPw==
  dependencies:
    "@octokit/types" "^16.0.0"

"@octokit/request@^10.0.6", "@octokit/request@^10.0.7":
  version "10.0.11"
  resolved "https://registry.yarnpkg.com/@octokit/request/-/request-10.0.11.tgz#a11d8b9bae5f6e868efb7dea946edd855ebb2549"
  integrity sha512-+s7HUxjfFqOMS9VlIwDffq0MikjSAK0gSpG73W+meAvVAvX4MBrHYTK5Bj3Uot55qFT4gzUtfzE4mGWY4Br8/Q==
  dependencies:
    "@octokit/endpoint" "^11.0.3"
    "@octokit/request-error" "^7.0.2"
    "@octokit/types" "^16.0.0"
    content-type "^2.0.0"
    json-with-bigint "^3.5.3"
    universal-user-agent "^7.0.2"

"@octokit/types@^16.0.0":
  version "16.0.0"
  resolved "https://registry.yarnpkg.com/@octokit/types/-/types-16.0.0.tgz#fbd7fa590c2ef22af881b1d79758bfaa234dbb7c"
  integrity sha512-sKq+9r1Mm4efXW1FCk7hFSeJo4QKreL/tTbR0rz/qx/r1Oa2VV83LTA/H/MuCOX7uCIJmQVRKBcbmWoySjAnSg==
  dependencies:
    "@octokit/openapi-types" "^27.0.0"

"@vercel/ncc@0.44.1":
  version "0.44.1"
  resolved "https://registry.yarnpkg.com/@vercel/ncc/-/ncc-0.44.1.tgz#5becc6500a1494e5b9786150da6374d0b2d7671d"
  integrity sha512-cUjIE5P2YY1n+Kt9rFIazMMpGoPn1Fic04rOmTkElMkiDP5oszGfERMpo2shVkFKDL7rVppdM2pqJKC59shQWQ==

before-after-hook@^4.0.0:
  version "4.0.0"
  resolved "https://registry.yarnpkg.com/before-after-hook/-/before-after-hook-4.0.0.tgz#cf1447ab9160df6a40f3621da64d6ffc36050cb9"
  integrity sha512-q6tR3RPqIB1pMiTRMFcZwuG5T8vwp+vUvEG0vuI6B+Rikh5BfPp2fQ82c925FOs+b0lcFQ8CFrL+KbilfZFhOQ==

content-type@^2.0.0:
  version "2.0.0"
  resolved "https://registry.yarnpkg.com/content-type/-/content-type-2.0.0.tgz#2fb3ede69dffa0af78ca7c4ce7589680638b56df"
  integrity sha512-j/O/d7GcZCyNl7/hwZAb606rzqkyvaDctLmckbxLzHvFBzTJHuGEdodATcP3yIRoDrLHkIATJuvzbFlp/ki2cQ==

json-with-bigint@^3.5.3:
  version "3.5.10"
  resolved "https://registry.yarnpkg.com/json-with-bigint/-/json-with-bigint-3.5.10.tgz#1de608a5520ec47749e5147b0b3a686c979b1c7c"
  integrity sha512-Vcx+JVNEBts/xfcoCS69sKrOhOk/3TVlvlT+XzUOefVKnnrbYSCKpDCm10pohsJFtsJVYnwa/cXRZ4eElzaM6w==

tunnel@^0.0.6:
  version "0.0.6"
  resolved "https://registry.yarnpkg.com/tunnel/-/tunnel-0.0.6.tgz#72f1314b34a5b192db012324df2cc587ca47f92c"
  integrity sha512-1h/Lnq9yajKY2PEbBadPXj3VxsDDu844OnaAo52UVmIzIvwwtBPIuNvkjuzBlTWpfJyUbG3ez0KSBibQkj4ojg==

undici@^6.23.0:
  version "6.27.0"
  resolved "https://registry.yarnpkg.com/undici/-/undici-6.27.0.tgz#41f9e48f7c5a40d27376caaead8c9a9fc7bca9c4"
  integrity sha512-YmfV3YnEDzXRC5lZ2jWtWWHKGUm1zIt8AhesR1tens+HTNv+YZlN/dp6G727LOvMJ8xjP9Be7Y2Sdr96LDm+pg==

universal-user-agent@^7.0.0, universal-user-agent@^7.0.2:
  version "7.0.3"
  resolved "https://registry.yarnpkg.com/universal-user-agent/-/universal-user-agent-7.0.3.tgz#c05870a58125a2dc00431f2df815a77fe69736be"
  integrity sha512-TmnEAEAsBJVZM/AADELsK76llnwcf9vMKuPz8JflO1frO8Lchitr0fNaN9d+Ap0BjKtqWqd/J17qeDnXh8CL2A==
